
Microsoft Visual Studio Solution File, Format Version 12.00
# Visual Studio Version 17
VisualStudioVersion = 17.2.32602.215
MinimumVisualStudioVersion = 10.0.40219.1
Project("{FAE04EC0-301F-11D3-BF4B-00C04F79EFBC}") = "ScanWallet", "ScanWallet\ScanWallet.csproj", "{CC533078-EC58-4CE9-A09F-18550AB9CB40}"
EndProject
Global
	GlobalSection(SolutionConfigurationPlatforms) = preSolution
		Debug|Any CPU = Debug|Any CPU
		Release|Any CPU = Release|Any CPU
	EndGlobalSection
	GlobalSection(ProjectConfigurationPlatforms) = postSolution
		{CC533078-EC58-4CE9-A09F-18550AB9CB40}.Debug|Any CPU.ActiveCfg = Debug|Any CPU
		{CC533078-EC58-4CE9-A09F-18550AB9CB40}.Debug|Any CPU.Build.0 = Debug|Any CPU
		{CC533078-EC58-4CE9-A09F-18550AB9CB40}.Release|Any CPU.ActiveCfg = Release|Any CPU
		{CC533078-EC58-4CE9-A09F-18550AB9CB40}.Release|Any CPU.Build.0 = Release|Any CPU
	EndGlobalSection
	GlobalSection(SolutionProperties) = preSolution
		HideSolutionNode = FALSE
	EndGlobalSection
	GlobalSection(ExtensibilityGlobals) = postSolution
		SolutionGuid = {8FBBEAC0-027F-4734-A1B4-CB54DAF50F03}
	EndGlobalSection
EndGlobal
